
Microsoft Visual Studio Solution File, Format Version 12.00
# Visual Studio 15
VisualStudioVersion = 15.0.28307.1738
MinimumVisualStudioVersion = 10.0.40219.1
Project("{FAE04EC0-301F-11D3-BF4B-00C04F79EFBC}") = "SqlCsharapCRUD", "SqlCsharapCRUD\SqlCsharapCRUD.csproj", "{4EF89734-E9C4-417D-A7A0-7E9A18F630C5}"
EndProject
Global
	GlobalSection(SolutionConfigurationPlatforms) = preSolution
		Debug|Any CPU = Debug|Any CPU
		Release|Any CPU = Release|Any CPU
	EndGlobalSection
	GlobalSection(ProjectConfigurationPlatforms) = postSolution
		{4EF89734-E9C4-417D-A7A0-7E9A18F630C5}.Debug|Any CPU.ActiveCfg = Debug|Any CPU
		{4EF89734-E9C4-417D-A7A0-7E9A18F630C5}.Debug|Any CPU.Build.0 = Debug|Any CPU
		{4EF89734-E9C4-417D-A7A0-7E9A18F630C5}.Release|Any CPU.ActiveCfg = Release|Any CPU
		{4EF89734-E9C4-417D-A7A0-7E9A18F630C5}.Release|Any CPU.Build.0 = Release|Any CPU
	EndGlobalSection
	GlobalSection(SolutionProperties) = preSolution
		HideSolutionNode = FALSE
	EndGlobalSection
	GlobalSection(ExtensibilityGlobals) = postSolution
		SolutionGuid = {0B6A6C23-A8CE-4E47-9410-C05AEC390077}
	EndGlobalSection
EndGlobal
